
Microsoft Visual Studio Solution File, Format Version 12.00
# Visual Studio Version 17
VisualStudioVersion = 17.6.33829.357
MinimumVisualStudioVersion = 10.0.40219.1
Project("{FAE04EC0-301F-11D3-BF4B-00C04F79EFBC}") = "DataStructuresAlgorithm", "DataStructuresAlgorithm.csproj", "{8E9E23F9-39D3-4913-B5F8-E37653C253B0}"
EndProject
Global
	GlobalSection(SolutionConfigurationPlatforms) = preSolution
		Debug|Any CPU = Debug|Any CPU
		Release|Any CPU = Release|Any CPU
	EndGlobalSection
	GlobalSection(ProjectConfigurationPlatforms) = postSolution
		{8E9E23F9-39D3-4913-B5F8-E37653C253B0}.Debug|Any CPU.ActiveCfg = Debug|Any CPU
		{8E9E23F9-39D3-4913-B5F8-E37653C253B0}.Debug|Any CPU.Build.0 = Debug|Any CPU
		{8E9E23F9-39D3-4913-B5F8-E37653C253B0}.Release|Any CPU.ActiveCfg = Release|Any CPU
		{8E9E23F9-39D3-4913-B5F8-E37653C253B0}.Release|Any CPU.Build.0 = Release|Any CPU
	EndGlobalSection
	GlobalSection(SolutionProperties) = preSolution
		HideSolutionNode = FALSE
	EndGlobalSection
	GlobalSection(ExtensibilityGlobals) = postSolution
		SolutionGuid = {3D76E4BF-D9CA-4CC4-B37F-3EF5EDEF4E4C}
	EndGlobalSection
EndGlobal
